
Microsoft Visual Studio Solution File, Format Version 12.00
# Visual Studio Version 16
VisualStudioVersion = 16.0.29509.3
MinimumVisualStudioVersion = 10.0.40219.1
Project("{FAE04EC0-301F-11D3-BF4B-00C04F79EFBC}") = "MinhaAPICore", "MinhaAPICore\MinhaAPICore.csproj", "{DCCB9973-766A-4AAF-B805-9CA7C18BB686}"
EndProject
Global
	GlobalSection(SolutionConfigurationPlatforms) = preSolution
		Debug|Any CPU = Debug|Any CPU
		Release|Any CPU = Release|Any CPU
	EndGlobalSection
	GlobalSection(ProjectConfigurationPlatforms) = postSolution
		{DCCB9973-766A-4AAF-B805-9CA7C18BB686}.Debug|Any CPU.ActiveCfg = Debug|Any CPU
		{DCCB9973-766A-4AAF-B805-9CA7C18BB686}.Debug|Any CPU.Build.0 = Debug|Any CPU
		{DCCB9973-766A-4AAF-B805-9CA7C18BB686}.Release|Any CPU.ActiveCfg = Release|Any CPU
		{DCCB9973-766A-4AAF-B805-9CA7C18BB686}.Release|Any CPU.Build.0 = Release|Any CPU
	EndGlobalSection
	GlobalSection(SolutionProperties) = preSolution
		HideSolutionNode = FALSE
	EndGlobalSection
	GlobalSection(ExtensibilityGlobals) = postSolution
		SolutionGuid = {997AF0A5-9C7F-43EB-AF20-8244EA419497}
	EndGlobalSection
EndGlobal
