
Microsoft Visual Studio Solution File, Format Version 12.00
# Visual Studio Version 16
VisualStudioVersion = 16.0.29509.3
MinimumVisualStudioVersion = 10.0.40219.1
Project("{2150E333-8FDC-42A3-9474-1A3956D46DE8}") = "Services", "Services", "{0C9F4075-C94A-455B-AD83-55DB43F669B1}"
EndProject
Project("{2150E333-8FDC-42A3-9474-1A3956D46DE8}") = "WebApps", "WebApps", "{9B8B3C79-204B-45CC-BC24-F01E5313D346}"
EndProject
Project("{2150E333-8FDC-42A3-9474-1A3956D46DE8}") = "Cadastros", "Cadastros", "{CA7C584E-61EE-4E54-A2FA-6D219EB11EDA}"
EndProject
Project("{2150E333-8FDC-42A3-9474-1A3956D46DE8}") = "Catalogo", "Catalogo", "{239A7F53-AA62-4881-8574-07ECD7622D94}"
EndProject
Project("{2150E333-8FDC-42A3-9474-1A3956D46DE8}") = "Core", "Core", "{3753DBA7-7182-439A-87D8-C6BAED10E61D}"
EndProject
Project("{2150E333-8FDC-42A3-9474-1A3956D46DE8}") = "Fiscal", "Fiscal", "{54C523D0-8FBB-46B5-BA46-93567363C280}"
EndProject
Project("{2150E333-8FDC-42A3-9474-1A3956D46DE8}") = "Pagamentos", "Pagamentos", "{DC8EFBBA-B114-4CE5-84B1-9D1F05C71117}"
EndProject
Project("{2150E333-8FDC-42A3-9474-1A3956D46DE8}") = "Vendas", "Vendas", "{E35E7548-A6DC-4D64-9DEC-D37EB6F3FD6B}"
EndProject
Project("{9A19103F-16F7-4668-BE54-9A1E7A4F7556}") = "NerdStore.Catalogo.Domain", "src\NerdStore.Catalogo.Domain\NerdStore.Catalogo.Domain.csproj", "{A74F11C8-B038-4852-8B14-3006270C4CA3}"
EndProject
Project("{9A19103F-16F7-4668-BE54-9A1E7A4F7556}") = "NerdStore.Core", "src\NerdStore.Core\NerdStore.Core.csproj", "{9805F94A-1C5C-48B4-8375-E6136A1A35E5}"
EndProject
Project("{2150E333-8FDC-42A3-9474-1A3956D46DE8}") = "Tests", "Tests", "{D64C2409-68A6-411A-BF58-022E79DA89B5}"
EndProject
Project("{9A19103F-16F7-4668-BE54-9A1E7A4F7556}") = "NerdStore.Catalogo.Domain.Tests", "tests\NerdStore.Catalogo.Domain.Tests\NerdStore.Catalogo.Domain.Tests.csproj", "{DD137204-BA7A-4FBA-A633-65104C78C684}"
EndProject
Project("{9A19103F-16F7-4668-BE54-9A1E7A4F7556}") = "NerdStore.Catalogo.Data", "src\NerdStore.Catalogo.Data\NerdStore.Catalogo.Data.csproj", "{01169144-3E84-4172-9D65-DFF45C22A8DF}"
EndProject
Project("{9A19103F-16F7-4668-BE54-9A1E7A4F7556}") = "NerdStore.Catalogo.Application", "src\NerdStore.Catalogo.Application\NerdStore.Catalogo.Application.csproj", "{ED7A9507-AFDF-4733-B89C-EC017905B39E}"
EndProject
Project("{9A19103F-16F7-4668-BE54-9A1E7A4F7556}") = "NerdStore.WebApp.MVC", "src\NerdStore.WebApp.MVC\NerdStore.WebApp.MVC.csproj", "{A84849C8-7882-48E3-8108-574E62D2D77D}"
EndProject
Project("{9A19103F-16F7-4668-BE54-9A1E7A4F7556}") = "NerdStore.Vendas.Domain", "src\NerdStore.Vendas.Domain\NerdStore.Vendas.Domain.csproj", "{500A039B-56A2-4783-9FAB-AD3E06BF539F}"
EndProject
Project("{9A19103F-16F7-4668-BE54-9A1E7A4F7556}") = "NerdStore.Vendas.Application", "src\NerdStore.Vendas.Application\NerdStore.Vendas.Application.csproj", "{085E956A-04E8-4732-925B-B52691663F58}"
EndProject
Project("{9A19103F-16F7-4668-BE54-9A1E7A4F7556}") = "NerdStore.Vendas.Data", "src\NerdStore.Vendas.Data\NerdStore.Vendas.Data.csproj", "{F379B295-394E-4D3B-93EA-E9B95B42D690}"
EndProject
Global
	GlobalSection(SolutionConfigurationPlatforms) = preSolution
		Debug|Any CPU = Debug|Any CPU
		Release|Any CPU = Release|Any CPU
	EndGlobalSection
	GlobalSection(ProjectConfigurationPlatforms) = postSolution
		{A74F11C8-B038-4852-8B14-3006270C4CA3}.Debug|Any CPU.ActiveCfg = Debug|Any CPU
		{A74F11C8-B038-4852-8B14-3006270C4CA3}.Debug|Any CPU.Build.0 = Debug|Any CPU
		{A74F11C8-B038-4852-8B14-3006270C4CA3}.Release|Any CPU.ActiveCfg = Release|Any CPU
		{A74F11C8-B038-4852-8B14-3006270C4CA3}.Release|Any CPU.Build.0 = Release|Any CPU
		{9805F94A-1C5C-48B4-8375-E6136A1A35E5}.Debug|Any CPU.ActiveCfg = Debug|Any CPU
		{9805F94A-1C5C-48B4-8375-E6136A1A35E5}.Debug|Any CPU.Build.0 = Debug|Any CPU
		{9805F94A-1C5C-48B4-8375-E6136A1A35E5}.Release|Any CPU.ActiveCfg = Release|Any CPU
		{9805F94A-1C5C-48B4-8375-E6136A1A35E5}.Release|Any CPU.Build.0 = Release|Any CPU
		{DD137204-BA7A-4FBA-A633-65104C78C684}.Debug|Any CPU.ActiveCfg = Debug|Any CPU
		{DD137204-BA7A-4FBA-A633-65104C78C684}.Debug|Any CPU.Build.0 = Debug|Any CPU
		{DD137204-BA7A-4FBA-A633-65104C78C684}.Release|Any CPU.ActiveCfg = Release|Any CPU
		{DD137204-BA7A-4FBA-A633-65104C78C684}.Release|Any CPU.Build.0 = Release|Any CPU
		{01169144-3E84-4172-9D65-DFF45C22A8DF}.Debug|Any CPU.ActiveCfg = Debug|Any CPU
		{01169144-3E84-4172-9D65-DFF45C22A8DF}.Debug|Any CPU.Build.0 = Debug|Any CPU
		{01169144-3E84-4172-9D65-DFF45C22A8DF}.Release|Any CPU.ActiveCfg = Release|Any CPU
		{01169144-3E84-4172-9D65-DFF45C22A8DF}.Release|Any CPU.Build.0 = Release|Any CPU
		{ED7A9507-AFDF-4733-B89C-EC017905B39E}.Debug|Any CPU.ActiveCfg = Debug|Any CPU
		{ED7A9507-AFDF-4733-B89C-EC017905B39E}.Debug|Any CPU.Build.0 = Debug|Any CPU
		{ED7A9507-AFDF-4733-B89C-EC017905B39E}.Release|Any CPU.ActiveCfg = Release|Any CPU
		{ED7A9507-AFDF-4733-B89C-EC017905B39E}.Release|Any CPU.Build.0 = Release|Any CPU
		{A84849C8-7882-48E3-8108-574E62D2D77D}.Debug|Any CPU.ActiveCfg = Debug|Any CPU
		{A84849C8-7882-48E3-8108-574E62D2D77D}.Debug|Any CPU.Build.0 = Debug|Any CPU
		{A84849C8-7882-48E3-8108-574E62D2D77D}.Release|Any CPU.ActiveCfg = Release|Any CPU
		{A84849C8-7882-48E3-8108-574E62D2D77D}.Release|Any CPU.Build.0 = Release|Any CPU
		{500A039B-56A2-4783-9FAB-AD3E06BF539F}.Debug|Any CPU.ActiveCfg = Debug|Any CPU
		{500A039B-56A2-4783-9FAB-AD3E06BF539F}.Debug|Any CPU.Build.0 = Debug|Any CPU
		{500A039B-56A2-4783-9FAB-AD3E06BF539F}.Release|Any CPU.ActiveCfg = Release|Any CPU
		{500A039B-56A2-4783-9FAB-AD3E06BF539F}.Release|Any CPU.Build.0 = Release|Any CPU
		{085E956A-04E8-4732-925B-B52691663F58}.Debug|Any CPU.ActiveCfg = Debug|Any CPU
		{085E956A-04E8-4732-925B-B52691663F58}.Debug|Any CPU.Build.0 = Debug|Any CPU
		{085E956A-04E8-4732-925B-B52691663F58}.Release|Any CPU.ActiveCfg = Release|Any CPU
		{085E956A-04E8-4732-925B-B52691663F58}.Release|Any CPU.Build.0 = Release|Any CPU
		{F379B295-394E-4D3B-93EA-E9B95B42D690}.Debug|Any CPU.ActiveCfg = Debug|Any CPU
		{F379B295-394E-4D3B-93EA-E9B95B42D690}.Debug|Any CPU.Build.0 = Debug|Any CPU
		{F379B295-394E-4D3B-93EA-E9B95B42D690}.Release|Any CPU.ActiveCfg = Release|Any CPU
		{F379B295-394E-4D3B-93EA-E9B95B42D690}.Release|Any CPU.Build.0 = Release|Any CPU
	EndGlobalSection
	GlobalSection(SolutionProperties) = preSolution
		HideSolutionNode = FALSE
	EndGlobalSection
	GlobalSection(NestedProjects) = preSolution
		{CA7C584E-61EE-4E54-A2FA-6D219EB11EDA} = {0C9F4075-C94A-455B-AD83-55DB43F669B1}
		{239A7F53-AA62-4881-8574-07ECD7622D94} = {0C9F4075-C94A-455B-AD83-55DB43F669B1}
		{3753DBA7-7182-439A-87D8-C6BAED10E61D} = {0C9F4075-C94A-455B-AD83-55DB43F669B1}
		{54C523D0-8FBB-46B5-BA46-93567363C280} = {0C9F4075-C94A-455B-AD83-55DB43F669B1}
		{DC8EFBBA-B114-4CE5-84B1-9D1F05C71117} = {0C9F4075-C94A-455B-AD83-55DB43F669B1}
		{E35E7548-A6DC-4D64-9DEC-D37EB6F3FD6B} = {0C9F4075-C94A-455B-AD83-55DB43F669B1}
		{A74F11C8-B038-4852-8B14-3006270C4CA3} = {239A7F53-AA62-4881-8574-07ECD7622D94}
		{9805F94A-1C5C-48B4-8375-E6136A1A35E5} = {3753DBA7-7182-439A-87D8-C6BAED10E61D}
		{D64C2409-68A6-411A-BF58-022E79DA89B5} = {239A7F53-AA62-4881-8574-07ECD7622D94}
		{DD137204-BA7A-4FBA-A633-65104C78C684} = {D64C2409-68A6-411A-BF58-022E79DA89B5}
		{01169144-3E84-4172-9D65-DFF45C22A8DF} = {239A7F53-AA62-4881-8574-07ECD7622D94}
		{ED7A9507-AFDF-4733-B89C-EC017905B39E} = {239A7F53-AA62-4881-8574-07ECD7622D94}
		{A84849C8-7882-48E3-8108-574E62D2D77D} = {9B8B3C79-204B-45CC-BC24-F01E5313D346}
		{500A039B-56A2-4783-9FAB-AD3E06BF539F} = {E35E7548-A6DC-4D64-9DEC-D37EB6F3FD6B}
		{085E956A-04E8-4732-925B-B52691663F58} = {E35E7548-A6DC-4D64-9DEC-D37EB6F3FD6B}
		{F379B295-394E-4D3B-93EA-E9B95B42D690} = {E35E7548-A6DC-4D64-9DEC-D37EB6F3FD6B}
	EndGlobalSection
	GlobalSection(ExtensibilityGlobals) = postSolution
		SolutionGuid = {B72F3888-117D-4806-B7EF-65CD57A21309}
	EndGlobalSection
EndGlobal
